{
    "_meta": {
        "hash": {
            "sha256": "9fb3c9b2b976ba1e6c20a2342b9af35ec7a951ee62233299e03eedb79db0dd49"
        },
        "pipfile-spec": 6,
        "requires": {
            "python_version": "3.7"
        },
        "sources": [
            {
                "name": "pypi",
                "url": "https://pypi.org/simple",
                "verify_ssl": true
            }
        ]
    },
    "default": {
        "arrow": {
            "hashes": [
                "sha256:01a16d8a93eddf86a29237f32ae36b29c27f047e79312eb4df5d55fd5a2b3183",
                "sha256:e1a318a4c0b787833ae46302c02488b6eeef413c6a13324b3261ad320f21ec1e"
            ],
            "index": "pypi",
            "version": "==0.15.4"
        },
        "dbus-python": {
            "hashes": [
                "sha256:cdd4de2c4f5e58f287b12013ed7b41dee81d503c8d0d2397c5bd2fb01badf260"
            ],
            "index": "pypi",
            "version": "==1.2.12"
        },
        "notify2": {
            "hashes": [
                "sha256:33fa108d50c42f3cd3407cc437518ad3f6225d1bb237011f16393c9dd3ce197d",
                "sha256:d7e27e63c2120c074225e526754101e22f029e38e5f002b1ceaa965258bf1073"
            ],
            "index": "pypi",
            "version": "==0.3.1"
        },
        "psutil": {
            "hashes": [
                "sha256:0ff1f630ee0df7c048ef53e50196437d2c9cebab8ccca0e3078d9300c4b7da47",
                "sha256:10175ea15b7e4a1bf1a0863da7e17042862b3ea3e7d24285c96fa4cc65ab9788",
                "sha256:41d645f100c6b4c995ff342ef7d79a936f3f48e9a816d7d655c69b352460341d",
                "sha256:43f0d7536a98c20a538242ce2bd8c64dbc1f6c396e97f2bdceb496d7583b9b80",
                "sha256:4f637dd25d3bce4879d0b4032d13f4120ba18ed2d028e85d911d429f447c251c",
                "sha256:512e77ac987105e2d7aa2386d9f260434ad8b71e41484f8d84bfecd4ae3764ca",
                "sha256:512e854d68f8b42f79b2c7864d997b39125baff9bcff00028ce43543867de7c4",
                "sha256:75d50d1138b2476a11dca33ab1ad2b78707d428418b581966ccedac768358f72",
                "sha256:f0ec1a3ea56503f4facc1dca364cf3dd66dc39169c4603000d3d34270e05fbb3",
                "sha256:f6b66a5663700b71bac3d8ecf6533a1550a679823e63b2c92dc4c3c8c244c52e",
                "sha256:fb58e87c29ec0fb99937b95c5d473bb786d263aaa767d017a6bd4ad52d694e79"
            ],
            "index": "pypi",
            "version": "==5.6.4"
        },
        "python-dateutil": {
            "hashes": [
                "sha256:73ebfe9dbf22e832286dafa60473e4cd239f8592f699aa5adaf10050e6e1823c",
                "sha256:75bb3f31ea686f1197762692a9ee6a7550b59fc6ca3a1f4b5d7e32fb98e2da2a"
            ],
            "version": "==2.8.1"
        },
        "six": {
            "hashes": [
                "sha256:3350809f0555b11f552448330d0b52d5f24c91a322ea4a15ef22629740f3761c",
                "sha256:d16a0141ec1a18405cd4ce8b4613101da75da0e9a7aec5bdd4fa804d0e0eba73"
            ],
            "version": "==1.12.0"
        },
        "sqlalchemy": {
            "hashes": [
                "sha256:0f0768b5db594517e1f5e1572c73d14cf295140756431270d89496dc13d5e46c"
            ],
            "index": "pypi",
            "version": "==1.3.10"
        }
    },
    "develop": {}
}
