{
    "_meta": {
        "hash": {
            "sha256": "cdfc8ad1d6f1ecdaceb06f9eda8007401b167c6041a934a1c93418676705f482"
        },
        "pipfile-spec": 6,
        "requires": {
            "python_version": "3.7"
        },
        "sources": [
            {
                "name": "pypi",
                "url": "https://pypi.org/simple",
                "verify_ssl": true
            }
        ]
    },
    "default": {
        "arrow": {
            "hashes": [
                "sha256:9cb4a910256ed536751cd5728673bfb53e6f0026e240466f90c2a92c0b79c895"
            ],
            "index": "pypi",
            "version": "==0.13.0"
        },
        "django": {
            "hashes": [
                "sha256:5052def4ff0a84bdf669827fdbd7b7cc1ac058f10232be6b21f37c6824f578da",
                "sha256:bb72b5f8b53f8156280eaea520b548ac128a53f80cebc856c5e0fb555d44d529"
            ],
            "index": "pypi",
            "version": "==2.1.9"
        },
        "notify2": {
            "hashes": [
                "sha256:33fa108d50c42f3cd3407cc437518ad3f6225d1bb237011f16393c9dd3ce197d",
                "sha256:d7e27e63c2120c074225e526754101e22f029e38e5f002b1ceaa965258bf1073"
            ],
            "index": "pypi",
            "version": "==0.3.1"
        },
        "python-dateutil": {
            "hashes": [
                "sha256:7e6584c74aeed623791615e26efd690f29817a27c73085b78e4bad02493df2fb",
                "sha256:c89805f6f4d64db21ed966fda138f8a5ed7a4fdbc1a8ee329ce1b74e3c74da9e"
            ],
            "version": "==2.8.0"
        },
        "pytz": {
            "hashes": [
                "sha256:303879e36b721603cc54604edcac9d20401bdbe31e1e4fdee5b9f98d5d31dfda",
                "sha256:d747dd3d23d77ef44c6a3526e274af6efeb0a6f1afd5a69ba4d5be4098c8e141"
            ],
            "version": "==2019.1"
        },
        "six": {
            "hashes": [
                "sha256:3350809f0555b11f552448330d0b52d5f24c91a322ea4a15ef22629740f3761c",
                "sha256:d16a0141ec1a18405cd4ce8b4613101da75da0e9a7aec5bdd4fa804d0e0eba73"
            ],
            "version": "==1.12.0"
        }
    },
    "develop": {}
}
